{
  "requires": true,
  "lockfileVersion": 1,
  "dependencies": {
    "sbc-common-components": {
      "version": "file:../sbc-common-components/vue/sbc-common-components",
      "requires": {
        "@mdi/font": "^4.5.95",
        "axios": "^0.21.1",
        "core-js": "^3.1.4",
        "country-list": "^2.2.0",
        "keycloak-js": "^9.0.3",
        "launchdarkly-js-client-sdk": "^2.16.1",
        "lodash.uniqueid": "^4.0.1",
        "provinces": "^1.11.0",
        "regenerator-runtime": "^0.13.3",
        "vue": "^2.6.11",
        "vue-i18n": "^8.0.0",
        "vue-property-decorator": "^8.3.0",
        "vue-router": "^3.0.3",
        "vue2-filters": "^0.7.1",
        "vuelidate": "^0.7.4",
        "vuetify": "^2.1.5",
        "vuex": "^3.1.2"
      }
    }
  }
}
